
Microsoft Visual Studio Solution File, Format Version 12.00
# Visual Studio Version 16
VisualStudioVersion = 16.0.30621.155
MinimumVisualStudioVersion = 10.0.40219.1
Project("{8BC9CEB8-8B4A-11D0-8D11-00A0C91BC942}") = "Dejavu", "Dejavu\Dejavu.vcxproj", "{1A6C4B61-3147-4770-9BF8-1F9F57BCDCAA}"
EndProject
Project("{8BC9CEB8-8B4A-11D0-8D11-00A0C91BC942}") = "DejavuUnitTest", "DejavuUnitTest\DejavuUnitTest.vcxproj", "{7AD0BF0E-ADCC-45E8-BBE4-4576C3B24B94}"
EndProject
Global
	GlobalSection(SolutionConfigurationPlatforms) = preSolution
		Debug|x64 = Debug|x64
		Debug|x86 = Debug|x86
		Release|x64 = Release|x64
		Release|x86 = Release|x86
	EndGlobalSection
	GlobalSection(ProjectConfigurationPlatforms) = postSolution
		{1A6C4B61-3147-4770-9BF8-1F9F57BCDCAA}.Debug|x64.ActiveCfg = Debug|x64
		{1A6C4B61-3147-4770-9BF8-1F9F57BCDCAA}.Debug|x64.Build.0 = Debug|x64
		{1A6C4B61-3147-4770-9BF8-1F9F57BCDCAA}.Debug|x86.ActiveCfg = Debug|Win32
		{1A6C4B61-3147-4770-9BF8-1F9F57BCDCAA}.Debug|x86.Build.0 = Debug|Win32
		{1A6C4B61-3147-4770-9BF8-1F9F57BCDCAA}.Release|x64.ActiveCfg = Release|x64
		{1A6C4B61-3147-4770-9BF8-1F9F57BCDCAA}.Release|x64.Build.0 = Release|x64
		{1A6C4B61-3147-4770-9BF8-1F9F57BCDCAA}.Release|x86.ActiveCfg = Release|Win32
		{1A6C4B61-3147-4770-9BF8-1F9F57BCDCAA}.Release|x86.Build.0 = Release|Win32
		{7AD0BF0E-ADCC-45E8-BBE4-4576C3B24B94}.Debug|x64.ActiveCfg = Debug|x64
		{7AD0BF0E-ADCC-45E8-BBE4-4576C3B24B94}.Debug|x64.Build.0 = Debug|x64
		{7AD0BF0E-ADCC-45E8-BBE4-4576C3B24B94}.Debug|x86.ActiveCfg = Debug|Win32
		{7AD0BF0E-ADCC-45E8-BBE4-4576C3B24B94}.Debug|x86.Build.0 = Debug|Win32
		{7AD0BF0E-ADCC-45E8-BBE4-4576C3B24B94}.Release|x64.ActiveCfg = Release|x64
		{7AD0BF0E-ADCC-45E8-BBE4-4576C3B24B94}.Release|x64.Build.0 = Release|x64
		{7AD0BF0E-ADCC-45E8-BBE4-4576C3B24B94}.Release|x86.ActiveCfg = Release|Win32
		{7AD0BF0E-ADCC-45E8-BBE4-4576C3B24B94}.Release|x86.Build.0 = Release|Win32
	EndGlobalSection
	GlobalSection(SolutionProperties) = preSolution
		HideSolutionNode = FALSE
	EndGlobalSection
	GlobalSection(ExtensibilityGlobals) = postSolution
		SolutionGuid = {0BF84C97-44AD-4BFE-BEB4-F40F6E38913D}
	EndGlobalSection
EndGlobal
